
Microsoft Visual Studio Solution File, Format Version 12.00
# Visual Studio Version 16
VisualStudioVersion = 16.0.29613.14
MinimumVisualStudioVersion = 10.0.40219.1
Project("{FAE04EC0-301F-11D3-BF4B-00C04F79EFBC}") = "MemberForm", "MemberForm.csproj", "{CF6A550D-2735-49B8-B6AA-A4553319B66F}"
EndProject
Global
	GlobalSection(SolutionConfigurationPlatforms) = preSolution
		Debug|Any CPU = Debug|Any CPU
		Release|Any CPU = Release|Any CPU
	EndGlobalSection
	GlobalSection(ProjectConfigurationPlatforms) = postSolution
		{CF6A550D-2735-49B8-B6AA-A4553319B66F}.Debug|Any CPU.ActiveCfg = Debug|Any CPU
		{CF6A550D-2735-49B8-B6AA-A4553319B66F}.Debug|Any CPU.Build.0 = Debug|Any CPU
		{CF6A550D-2735-49B8-B6AA-A4553319B66F}.Release|Any CPU.ActiveCfg = Release|Any CPU
		{CF6A550D-2735-49B8-B6AA-A4553319B66F}.Release|Any CPU.Build.0 = Release|Any CPU
	EndGlobalSection
	GlobalSection(SolutionProperties) = preSolution
		HideSolutionNode = FALSE
	EndGlobalSection
	GlobalSection(ExtensibilityGlobals) = postSolution
		SolutionGuid = {51E4A326-B617-4937-BA95-259D9990EFBA}
	EndGlobalSection
EndGlobal
