#MicroXplorer Configuration settings - do not modify
Mcu.Family=STM32L4
RCC.MSI_VALUE=4000000
ProjectManager.MainLocation=Src
RCC.PLLQoutputFreq_Value=16000000
ProjectManager.ProjectFileName=HeadbandLightSimulator.ioc
RCC.SAI1Freq_Value=4571428.571428572
PA13\ (JTMS/SWDIO).Mode=Trace_Asynchronous_SW
ProjectManager.KeepUserCode=true
Mcu.UserName=STM32L452RETx
PA10.Mode=Asynchronous
Mcu.PinsNb=12
ProjectManager.NoMain=false
RCC.PLLSAI1RoutputFreq_Value=16000000
ProjectManager.functionlistsort=1-MX_GPIO_Init-GPIO-false-HAL-true,2-SystemClock_Config-RCC-false-HAL-false,3-MX_I2C1_Init-I2C1-false-HAL-true,4-MX_I2C3_Init-I2C3-false-HAL-true,5-MX_USART1_UART_Init-USART1-false-HAL-true
ProjectManager.DefaultFWLocation=true
ProjectManager.DeletePrevious=true
USART1.IPParameters=VirtualMode-Asynchronous
PC0.Signal=I2C3_SCL
PinOutPanel.RotationAngle=0
RCC.FamilyName=M
ProjectManager.StackSize=0x400
PC0.Mode=I2C
USART1.VirtualMode-Asynchronous=VM_ASYNC
Mcu.IP4=RCC
Mcu.IP5=SYS
NVIC.SVCall_IRQn=true\:0\:0\:false\:false\:true\:false\:false
Mcu.IP2=I2C4
Mcu.IP3=NVIC
Mcu.IP0=I2C1
Mcu.IP1=I2C3
PA14\ (JTCK/SWCLK).Signal=SYS_JTCK-SWCLK
PA9.Mode=Asynchronous
Mcu.UserConstants=
RCC.VCOSAI1OutputFreq_Value=32000000
ProjectManager.TargetToolchain=STM32CubeIDE
PB3\ (JTDO/TRACESWO).Signal=SYS_JTDO-SWO
Mcu.ThirdPartyNb=0
Mcu.IPNb=7
ProjectManager.PreviousToolchain=STM32CubeIDE
PB9.Mode=I2C
PA9.Signal=USART1_TX
PB6.Signal=I2C4_SCL
PB9.Locked=true
PB6.Mode=I2C
Mcu.Pin6=PB3 (JTDO/TRACESWO)
Mcu.Pin7=PB6
Mcu.Pin8=PB7
Mcu.Pin9=PB8
RCC.LSE_VALUE=32768
RCC.PLLSAI1PoutputFreq_Value=4571428.571428572
Mcu.Pin0=PC0
Mcu.Pin1=PC1
GPIO.groupedBy=Group By Peripherals
Mcu.Pin2=PA9
Mcu.Pin3=PA10
Mcu.Pin4=PA13 (JTMS/SWDIO)
Mcu.Pin5=PA14 (JTCK/SWCLK)
ProjectManager.ProjectBuild=false
RCC.HSE_VALUE=8000000
NVIC.UsageFault_IRQn=true\:0\:0\:false\:false\:true\:false\:false
NVIC.DebugMonitor_IRQn=true\:0\:0\:false\:false\:true\:false\:false
board=custom
RCC.VCOOutputFreq_Value=32000000
NVIC.SysTick_IRQn=true\:0\:0\:false\:false\:true\:false\:true
ProjectManager.LastFirmware=true
ProjectManager.FirmwarePackage=STM32Cube FW_L4 V1.15.1
MxDb.Version=DB.5.0.60
ProjectManager.BackupPrevious=false
MxCube.Version=5.6.0
RCC.VCOInputFreq_Value=4000000
RCC.PLLSAI1QoutputFreq_Value=16000000
File.Version=6
VP_SYS_VS_Systick.Mode=SysTick
PB7.Signal=I2C4_SDA
PB8.Locked=true
NVIC.NonMaskableInt_IRQn=true\:0\:0\:false\:false\:true\:false\:false
PA14\ (JTCK/SWCLK).Mode=Trace_Asynchronous_SW
RCC.PLLRCLKFreq_Value=16000000
NVIC.PendSV_IRQn=true\:0\:0\:false\:false\:true\:false\:false
PB6.Locked=true
ProjectManager.FreePins=false
RCC.IPParameters=FamilyName,HSE_VALUE,HSI48_VALUE,HSI_VALUE,LSCOPinFreq_Value,LSE_VALUE,LSI_VALUE,MSI_VALUE,PLLPoutputFreq_Value,PLLQoutputFreq_Value,PLLRCLKFreq_Value,PLLSAI1PoutputFreq_Value,PLLSAI1QoutputFreq_Value,PLLSAI1RoutputFreq_Value,SAI1Freq_Value,VCOInputFreq_Value,VCOOutputFreq_Value,VCOSAI1OutputFreq_Value
ProjectManager.AskForMigrate=true
Mcu.Name=STM32L452R(C-E)Tx
ProjectManager.HalAssertFull=false
ProjectManager.ProjectName=HeadbandLightSimulator
ProjectManager.UnderRoot=true
Mcu.IP6=USART1
ProjectManager.CoupleFile=true
Mcu.Package=LQFP64
PB9.Signal=I2C1_SDA
NVIC.ForceEnableDMAVector=true
KeepUserPlacement=false
NVIC.MemoryManagement_IRQn=true\:0\:0\:false\:false\:true\:false\:false
ProjectManager.CompilerOptimize=6
ProjectManager.ToolChainLocation=
RCC.LSI_VALUE=32000
VP_SYS_VS_Systick.Signal=SYS_VS_Systick
PB7.Mode=I2C
RCC.LSCOPinFreq_Value=32000
PA10.Signal=USART1_RX
ProjectManager.HeapSize=0x200
NVIC.HardFault_IRQn=true\:0\:0\:false\:false\:true\:false\:false
ProjectManager.ComputerToolchain=false
RCC.HSI_VALUE=16000000
NVIC.PriorityGroup=NVIC_PRIORITYGROUP_4
Mcu.Pin11=VP_SYS_VS_Systick
PB3\ (JTDO/TRACESWO).Mode=Trace_Asynchronous_SW
PB8.Mode=I2C
RCC.PLLPoutputFreq_Value=4571428.571428572
Mcu.Pin10=PB9
PB7.Locked=true
PB8.Signal=I2C1_SCL
NVIC.BusFault_IRQn=true\:0\:0\:false\:false\:true\:false\:false
ProjectManager.CustomerFirmwarePackage=
ProjectManager.DeviceId=STM32L452RETx
PC1.Signal=I2C3_SDA
ProjectManager.LibraryCopy=1
RCC.HSI48_VALUE=48000000
PA13\ (JTMS/SWDIO).Signal=SYS_JTMS-SWDIO
PC1.Mode=I2C
