#MicroXplorer Configuration settings - do not modify
Mcu.Family=STM32L4
SH.GPXTI1.0=GPIO_EXTI1
ProjectManager.MainLocation=Src
Dma.TIM2_CH1.0.MemInc=DMA_MINC_ENABLE
RCC.USART1Freq_Value=32000000
RCC.SAI1Freq_Value=9142857.142857144
USART2.IPParameters=VirtualMode-Asynchronous
RCC.CortexFreq_Value=32000000
NVIC.DMA1_Channel5_IRQn=true\:0\:0\:false\:false\:true\:false\:true
ProjectManager.KeepUserCode=true
Mcu.UserName=STM32L452RETx
RCC.PLLSAI1RoutputFreq_Value=32000000
ProjectManager.functionlistsort=1-MX_GPIO_Init-GPIO-false-HAL-true,2-MX_DMA_Init-DMA-false-LL-true,3-SystemClock_Config-RCC-false-LL-false,4-MX_I2C3_Init-I2C3-false-HAL-true,5-MX_TIM2_Init-TIM2-false-LL-true,6-MX_USART2_UART_Init-USART2-false-HAL-true,7-MX_ADC1_Init-ADC1-false-HAL-true
Dma.TIM2_CH1.0.Instance=DMA1_Channel5
RCC.USART2Freq_Value=32000000
PC13.GPIO_Label=HeartBeat
PinOutPanel.RotationAngle=0
RCC.MCO1PinFreq_Value=32000000
RCC.SYSCLKSource=RCC_SYSCLKSOURCE_PLLCLK
ProjectManager.StackSize=0x400
RCC.I2C3Freq_Value=32000000
RCC.LPTIM1Freq_Value=32000000
Mcu.IP4=RCC
RCC.FCLKCortexFreq_Value=32000000
Mcu.IP5=SYS
Mcu.IP2=I2C3
NVIC.SVCall_IRQn=true\:0\:0\:false\:false\:true\:false\:false
Mcu.IP3=NVIC
Mcu.IP0=ADC1
Mcu.IP1=DMA
PA14\ (JTCK/SWCLK).Signal=SYS_JTCK-SWCLK
NVIC.EXTI1_IRQn=true\:0\:0\:false\:false\:true\:true\:true
Mcu.UserConstants=
RCC.VCOSAI1OutputFreq_Value=64000000
RCC.SDMMCFreq_Value=32000000
Mcu.ThirdPartyNb=0
RCC.HCLKFreq_Value=32000000
RCC.I2C4Freq_Value=32000000
SH.ADCx_IN3.0=ADC1_IN3,IN3-Single-Ended
Mcu.IPNb=8
TIM2.IPParameters=Channel-PWM Generation1 CH1
ProjectManager.PreviousToolchain=TrueSTUDIO
RCC.APB2TimFreq_Value=32000000
SH.ADCx_IN3.ConfNb=1
Mcu.Pin6=PA2
Mcu.Pin7=PA3
Mcu.Pin8=PA4
Mcu.Pin9=PA5
PA1.GPIO_PuPd=GPIO_PULLDOWN
RCC.AHBFreq_Value=32000000
Mcu.Pin0=PC13
Mcu.Pin1=PC0
GPIO.groupedBy=Group By Peripherals
Mcu.Pin2=PC1
Mcu.Pin3=PC2
RCC.USART3Freq_Value=32000000
Mcu.Pin4=PA0
Mcu.Pin5=PA1
ADC1.Channel-0\#ChannelRegularConversion=ADC_CHANNEL_3
I2C3.IPParameters=Timing
ProjectManager.ProjectBuild=false
RCC.HSE_VALUE=8000000
NVIC.UsageFault_IRQn=true\:0\:0\:false\:false\:true\:false\:false
PA0.Locked=true
NVIC.DebugMonitor_IRQn=true\:0\:0\:false\:false\:true\:false\:false
PA4.Locked=true
USART2.VirtualMode-Asynchronous=VM_ASYNC
NVIC.SysTick_IRQn=true\:0\:0\:false\:false\:true\:false\:true
ProjectManager.FirmwarePackage=STM32Cube FW_L4 V1.15.1
MxDb.Version=DB.5.0.60
PA1.GPIOParameters=GPIO_PuPd
ProjectManager.BackupPrevious=false
RCC.VCOInputFreq_Value=4000000
Dma.TIM2_CH1.0.RequestParameters=Instance,Direction,PeriphInc,MemInc,PeriphDataAlignment,MemDataAlignment,Mode,Priority
File.Version=6
SH.S_TIM2_CH1.ConfNb=1
PA14\ (JTCK/SWCLK).Mode=Trace_Asynchronous_SW
RCC.PLLRCLKFreq_Value=32000000
TIM2.Channel-PWM\ Generation1\ CH1=TIM_CHANNEL_1
NVIC.PendSV_IRQn=true\:0\:0\:false\:false\:true\:false\:false
Dma.RequestsNb=1
ProjectManager.HalAssertFull=false
ADC1.SamplingTime-0\#ChannelRegularConversion=ADC_SAMPLETIME_2CYCLES_5
ProjectManager.ProjectName=Zelda_SW
PA0.Signal=GPXTI0
Mcu.Package=LQFP64
PA0.GPIO_PuPd=GPIO_PULLDOWN
ProjectManager.ToolChainLocation=
RCC.LSI_VALUE=32000
VP_SYS_VS_Systick.Signal=SYS_VS_Systick
SH.GPXTI0.0=GPIO_EXTI0
RCC.LSCOPinFreq_Value=32000
RCC.DFSDMFreq_Value=32000000
Dma.TIM2_CH1.0.PeriphDataAlignment=DMA_PDATAALIGN_WORD
I2C3.Timing=0x00707CBB
RCC.PLLPoutputFreq_Value=9142857.142857144
RCC.APB1TimFreq_Value=32000000
NVIC.BusFault_IRQn=true\:0\:0\:false\:false\:true\:false\:false
RCC.LPUART1Freq_Value=32000000
Dma.Request0=TIM2_CH1
PA4.GPIO_Label=Enable_Neo
Dma.TIM2_CH1.0.Direction=DMA_PERIPH_TO_MEMORY
PC2.GPIO_Label=VBAT_Sense
ProjectManager.CustomerFirmwarePackage=
RCC.HSI48_VALUE=48000000
RCC.PLLSAI1N=16
PA3.Signal=USART2_RX
RCC.MSI_VALUE=4000000
RCC.PLLQoutputFreq_Value=32000000
ProjectManager.ProjectFileName=Zelda_SW.ioc
SH.S_TIM2_CH1.0=TIM2_CH1,PWM Generation1 CH1
ADC1.Rank-0\#ChannelRegularConversion=1
PA13\ (JTMS/SWDIO).Mode=Trace_Asynchronous_SW
Mcu.PinsNb=14
ProjectManager.NoMain=false
ADC1.IPParameters=Rank-0\#ChannelRegularConversion,master,Channel-0\#ChannelRegularConversion,SamplingTime-0\#ChannelRegularConversion,OffsetNumber-0\#ChannelRegularConversion,NbrOfConversionFlag
PC13.Locked=true
ADC1.OffsetNumber-0\#ChannelRegularConversion=ADC_OFFSET_NONE
PC13.Signal=GPIO_Output
PC2.Signal=ADCx_IN3
SH.GPXTI0.ConfNb=1
ProjectManager.DefaultFWLocation=true
ProjectManager.DeletePrevious=true
PC0.Signal=I2C3_SCL
RCC.FamilyName=M
PC0.Mode=I2C
PA3.Mode=Asynchronous
PB3\ (JTDO/TRACESWO).Signal=SYS_JTDO-SWO
ProjectManager.TargetToolchain=TrueSTUDIO
PC2.Locked=true
RCC.USBFreq_Value=32000000
PA1.Signal=GPXTI1
RCC.PLLSAI1PoutputFreq_Value=9142857.142857144
PA5.Signal=S_TIM2_CH1
board=custom
RCC.VCOOutputFreq_Value=64000000
ProjectManager.LastFirmware=true
RCC.APB2Freq_Value=32000000
RCC.UART4Freq_Value=32000000
Dma.TIM2_CH1.0.Priority=DMA_PRIORITY_LOW
MxCube.Version=5.6.0
RCC.I2C1Freq_Value=32000000
PC13.GPIOParameters=GPIO_Label
PA0.GPIO_ModeDefaultEXTI=GPIO_MODE_IT_RISING
RCC.RNGFreq_Value=32000000
PC2.GPIOParameters=GPIO_Label
RCC.PLLSAI1QoutputFreq_Value=32000000
RCC.ADCFreq_Value=32000000
VP_SYS_VS_Systick.Mode=SysTick
NVIC.NonMaskableInt_IRQn=true\:0\:0\:false\:false\:true\:false\:false
PA4.GPIOParameters=GPIO_Label
ProjectManager.FreePins=true
RCC.IPParameters=ADCFreq_Value,AHBFreq_Value,APB1Freq_Value,APB1TimFreq_Value,APB2Freq_Value,APB2TimFreq_Value,CortexFreq_Value,DFSDMFreq_Value,FCLKCortexFreq_Value,FamilyName,HCLKFreq_Value,HSE_VALUE,HSI48_VALUE,HSI_VALUE,I2C1Freq_Value,I2C2Freq_Value,I2C3Freq_Value,I2C4Freq_Value,LPTIM1Freq_Value,LPTIM2Freq_Value,LPUART1Freq_Value,LSCOPinFreq_Value,LSI_VALUE,MCO1PinFreq_Value,MSI_VALUE,PLLN,PLLPoutputFreq_Value,PLLQoutputFreq_Value,PLLRCLKFreq_Value,PLLSAI1N,PLLSAI1PoutputFreq_Value,PLLSAI1QoutputFreq_Value,PLLSAI1RoutputFreq_Value,PWRFreq_Value,RNGFreq_Value,SAI1Freq_Value,SDMMCFreq_Value,SYSCLKFreq_VALUE,SYSCLKSource,UART4Freq_Value,USART1Freq_Value,USART2Freq_Value,USART3Freq_Value,USBFreq_Value,VCOInputFreq_Value,VCOOutputFreq_Value,VCOSAI1OutputFreq_Value
ProjectManager.AskForMigrate=true
Mcu.Name=STM32L452R(C-E)Tx
RCC.LPTIM2Freq_Value=32000000
PA2.Signal=USART2_TX
ProjectManager.UnderRoot=true
Mcu.IP6=TIM2
Mcu.IP7=USART2
ProjectManager.CoupleFile=true
NVIC.EXTI0_IRQn=true\:0\:0\:false\:false\:true\:true\:true
PA4.Signal=GPIO_Output
RCC.SYSCLKFreq_VALUE=32000000
Dma.TIM2_CH1.0.Mode=DMA_NORMAL
PA1.Locked=true
ADC1.master=1
NVIC.ForceEnableDMAVector=true
KeepUserPlacement=false
NVIC.MemoryManagement_IRQn=true\:0\:0\:false\:false\:true\:false\:false
ProjectManager.CompilerOptimize=6
Dma.TIM2_CH1.0.MemDataAlignment=DMA_MDATAALIGN_WORD
ProjectManager.HeapSize=0x200
PA0.GPIOParameters=GPIO_PuPd,GPIO_ModeDefaultEXTI
NVIC.HardFault_IRQn=true\:0\:0\:false\:false\:true\:false\:false
Mcu.Pin13=VP_SYS_VS_Systick
ProjectManager.ComputerToolchain=false
RCC.HSI_VALUE=16000000
NVIC.PriorityGroup=NVIC_PRIORITYGROUP_4
ADC1.NbrOfConversionFlag=1
Mcu.Pin11=PA14 (JTCK/SWCLK)
Mcu.Pin12=PB3 (JTDO/TRACESWO)
PB3\ (JTDO/TRACESWO).Mode=Trace_Asynchronous_SW
RCC.PLLN=16
Mcu.Pin10=PA13 (JTMS/SWDIO)
PA2.Mode=Asynchronous
RCC.PWRFreq_Value=32000000
SH.GPXTI1.ConfNb=1
RCC.I2C2Freq_Value=32000000
RCC.APB1Freq_Value=32000000
Dma.TIM2_CH1.0.PeriphInc=DMA_PINC_DISABLE
ProjectManager.DeviceId=STM32L452RETx
PC1.Signal=I2C3_SDA
ProjectManager.LibraryCopy=1
PA13\ (JTMS/SWDIO).Signal=SYS_JTMS-SWDIO
PC1.Mode=I2C
