
Microsoft Visual Studio Solution File, Format Version 12.00
# Visual Studio Version 16
VisualStudioVersion = 16.0.30114.105
MinimumVisualStudioVersion = 10.0.40219.1
Project("{FAE04EC0-301F-11D3-BF4B-00C04F79EFBC}") = "SessionTest", "SessionTest\SessionTest.csproj", "{8510806C-81F4-49E9-AA68-BF0F55D946A5}"
EndProject
Global
	GlobalSection(SolutionConfigurationPlatforms) = preSolution
		Debug|Any CPU = Debug|Any CPU
		Release|Any CPU = Release|Any CPU
	EndGlobalSection
	GlobalSection(ProjectConfigurationPlatforms) = postSolution
		{8510806C-81F4-49E9-AA68-BF0F55D946A5}.Debug|Any CPU.ActiveCfg = Debug|Any CPU
		{8510806C-81F4-49E9-AA68-BF0F55D946A5}.Debug|Any CPU.Build.0 = Debug|Any CPU
		{8510806C-81F4-49E9-AA68-BF0F55D946A5}.Release|Any CPU.ActiveCfg = Release|Any CPU
		{8510806C-81F4-49E9-AA68-BF0F55D946A5}.Release|Any CPU.Build.0 = Release|Any CPU
	EndGlobalSection
	GlobalSection(SolutionProperties) = preSolution
		HideSolutionNode = FALSE
	EndGlobalSection
	GlobalSection(ExtensibilityGlobals) = postSolution
		SolutionGuid = {E022590D-6B77-4AFC-AB12-F853F751C239}
	EndGlobalSection
EndGlobal
